{
  "originHash" : "d6eb81655683474bea75777719557fc9c4a662859505814070d39da9407ac44f",
  "pins" : [
    {
      "identity" : "combinecocoa",
      "kind" : "remoteSourceControl",
      "location" : "https://github.com/CombineCommunity/CombineCocoa.git",
      "state" : {
        "revision" : "7300c75ff9e072aa7fd0fccefcc88f74aae9bf56",
        "version" : "0.4.1"
      }
    },
    {
      "identity" : "oneway",
      "kind" : "remoteSourceControl",
      "location" : "https://github.com/DevYeom/OneWay.git",
      "state" : {
        "revision" : "2ba406b0bfd747a1bc13bb8603f4f10f5d059881",
        "version" : "2.8.0"
      }
    }
  ],
  "version" : 3
}
