// !$*UTF8*$!
{
	archiveVersion = 1;
	classes = {
	};
	objectVersion = 56;
	objects = {

/* Begin PBXBuildFile section */
		C3049764294C95D0003B20C5 /* CounterApp.swift in Sources */ = {isa = PBXBuildFile; fileRef = C3049763294C95D0003B20C5 /* CounterApp.swift */; };
		C3049768294C95D1003B20C5 /* Assets.xcassets in Resources */ = {isa = PBXBuildFile; fileRef = C3049767294C95D1003B20C5 /* Assets.xcassets */; };
		C304976B294C95D1003B20C5 /* Preview Assets.xcassets in Resources */ = {isa = PBXBuildFile; fileRef = C304976A294C95D1003B20C5 /* Preview Assets.xcassets */; };
		C3049775294C95D1003B20C5 /* CounterTests.swift in Sources */ = {isa = PBXBuildFile; fileRef = C3049774294C95D1003B20C5 /* CounterTests.swift */; };
		C304977F294C95D1003B20C5 /* CounterUITests.swift in Sources */ = {isa = PBXBuildFile; fileRef = C304977E294C95D1003B20C5 /* CounterUITests.swift */; };
		C3049781294C95D1003B20C5 /* CounterUITestsLaunchTests.swift in Sources */ = {isa = PBXBuildFile; fileRef = C3049780294C95D1003B20C5 /* CounterUITestsLaunchTests.swift */; };
		C304978F294C95EA003B20C5 /* CounterViewReducer.swift in Sources */ = {isa = PBXBuildFile; fileRef = C304978D294C95E9003B20C5 /* CounterViewReducer.swift */; };
		C3049790294C95EA003B20C5 /* CounterView.swift in Sources */ = {isa = PBXBuildFile; fileRef = C304978E294C95EA003B20C5 /* CounterView.swift */; };
		C3049793294C9634003B20C5 /* OneWay in Frameworks */ = {isa = PBXBuildFile; productRef = C3049792294C9634003B20C5 /* OneWay */; };
		C3049795294C965B003B20C5 /* GlobalState.swift in Sources */ = {isa = PBXBuildFile; fileRef = C3049794294C965B003B20C5 /* GlobalState.swift */; };
/* End PBXBuildFile section */

/* Begin PBXContainerItemProxy section */
		C3049771294C95D1003B20C5 /* PBXContainerItemProxy */ = {
			isa = PBXContainerItemProxy;
			containerPortal = C3049758294C95D0003B20C5 /* Project object */;
			proxyType = 1;
			remoteGlobalIDString = C304975F294C95D0003B20C5;
			remoteInfo = Counter;
		};
		C304977B294C95D1003B20C5 /* PBXContainerItemProxy */ = {
			isa = PBXContainerItemProxy;
			containerPortal = C3049758294C95D0003B20C5 /* Project object */;
			proxyType = 1;
			remoteGlobalIDString = C304975F294C95D0003B20C5;
			remoteInfo = Counter;
		};
/* End PBXContainerItemProxy section */

/* Begin PBXFileReference section */
		C3049760294C95D0003B20C5 /* Counter.app */ = {isa = PBXFileReference; explicitFileType = wrapper.application; includeInIndex = 0; path = Counter.app; sourceTree = BUILT_PRODUCTS_DIR; };
		C3049763294C95D0003B20C5 /* CounterApp.swift */ = {isa = PBXFileReference; lastKnownFileType = sourcecode.swift; path = CounterApp.swift; sourceTree = "<group>"; };
		C3049767294C95D1003B20C5 /* Assets.xcassets */ = {isa = PBXFileReference; lastKnownFileType = folder.assetcatalog; path = Assets.xcassets; sourceTree = "<group>"; };
		C304976A294C95D1003B20C5 /* Preview Assets.xcassets */ = {isa = PBXFileReference; lastKnownFileType = folder.assetcatalog; path = "Preview Assets.xcassets"; sourceTree = "<group>"; };
		C3049770294C95D1003B20C5 /* CounterTests.xctest */ = {isa = PBXFileReference; explicitFileType = wrapper.cfbundle; includeInIndex = 0; path = CounterTests.xctest; sourceTree = BUILT_PRODUCTS_DIR; };
		C3049774294C95D1003B20C5 /* CounterTests.swift */ = {isa = PBXFileReference; lastKnownFileType = sourcecode.swift; path = CounterTests.swift; sourceTree = "<group>"; };
		C304977A294C95D1003B20C5 /* CounterUITests.xctest */ = {isa = PBXFileReference; explicitFileType = wrapper.cfbundle; includeInIndex = 0; path = CounterUITests.xctest; sourceTree = BUILT_PRODUCTS_DIR; };
		C304977E294C95D1003B20C5 /* CounterUITests.swift */ = {isa = PBXFileReference; lastKnownFileType = sourcecode.swift; path = CounterUITests.swift; sourceTree = "<group>"; };
		C3049780294C95D1003B20C5 /* CounterUITestsLaunchTests.swift */ = {isa = PBXFileReference; lastKnownFileType = sourcecode.swift; path = CounterUITestsLaunchTests.swift; sourceTree = "<group>"; };
		C304978D294C95E9003B20C5 /* CounterViewReducer.swift */ = {isa = PBXFileReference; fileEncoding = 4; lastKnownFileType = sourcecode.swift; path = CounterViewReducer.swift; sourceTree = "<group>"; };
		C304978E294C95EA003B20C5 /* CounterView.swift */ = {isa = PBXFileReference; fileEncoding = 4; lastKnownFileType = sourcecode.swift; path = CounterView.swift; sourceTree = "<group>"; };
		C3049794294C965B003B20C5 /* GlobalState.swift */ = {isa = PBXFileReference; fileEncoding = 4; lastKnownFileType = sourcecode.swift; path = GlobalState.swift; sourceTree = "<group>"; };
/* End PBXFileReference section */

/* Begin PBXFrameworksBuildPhase section */
		C304975D294C95D0003B20C5 /* Frameworks */ = {
			isa = PBXFrameworksBuildPhase;
			buildActionMask = 2147483647;
			files = (
				C3049793294C9634003B20C5 /* OneWay in Frameworks */,
			);
			runOnlyForDeploymentPostprocessing = 0;
		};
		C304976D294C95D1003B20C5 /* Frameworks */ = {
			isa = PBXFrameworksBuildPhase;
			buildActionMask = 2147483647;
			files = (
			);
			runOnlyForDeploymentPostprocessing = 0;
		};
		C3049777294C95D1003B20C5 /* Frameworks */ = {
			isa = PBXFrameworksBuildPhase;
			buildActionMask = 2147483647;
			files = (
			);
			runOnlyForDeploymentPostprocessing = 0;
		};
/* End PBXFrameworksBuildPhase section */

/* Begin PBXGroup section */
		C3049757294C95D0003B20C5 = {
			isa = PBXGroup;
			children = (
				C3049762294C95D0003B20C5 /* Counter */,
				C3049773294C95D1003B20C5 /* CounterTests */,
				C304977D294C95D1003B20C5 /* CounterUITests */,
				C3049761294C95D0003B20C5 /* Products */,
			);
			sourceTree = "<group>";
		};
		C3049761294C95D0003B20C5 /* Products */ = {
			isa = PBXGroup;
			children = (
				C3049760294C95D0003B20C5 /* Counter.app */,
				C3049770294C95D1003B20C5 /* CounterTests.xctest */,
				C304977A294C95D1003B20C5 /* CounterUITests.xctest */,
			);
			name = Products;
			sourceTree = "<group>";
		};
		C3049762294C95D0003B20C5 /* Counter */ = {
			isa = PBXGroup;
			children = (
				C3049763294C95D0003B20C5 /* CounterApp.swift */,
				C304978E294C95EA003B20C5 /* CounterView.swift */,
				C304978D294C95E9003B20C5 /* CounterViewReducer.swift */,
				C3049794294C965B003B20C5 /* GlobalState.swift */,
				C3049767294C95D1003B20C5 /* Assets.xcassets */,
				C3049769294C95D1003B20C5 /* Preview Content */,
			);
			path = Counter;
			sourceTree = "<group>";
		};
		C3049769294C95D1003B20C5 /* Preview Content */ = {
			isa = PBXGroup;
			children = (
				C304976A294C95D1003B20C5 /* Preview Assets.xcassets */,
			);
			path = "Preview Content";
			sourceTree = "<group>";
		};
		C3049773294C95D1003B20C5 /* CounterTests */ = {
			isa = PBXGroup;
			children = (
				C3049774294C95D1003B20C5 /* CounterTests.swift */,
			);
			path = CounterTests;
			sourceTree = "<group>";
		};
		C304977D294C95D1003B20C5 /* CounterUITests */ = {
			isa = PBXGroup;
			children = (
				C304977E294C95D1003B20C5 /* CounterUITests.swift */,
				C3049780294C95D1003B20C5 /* CounterUITestsLaunchTests.swift */,
			);
			path = CounterUITests;
			sourceTree = "<group>";
		};
/* End PBXGroup section */

/* Begin PBXNativeTarget section */
		C304975F294C95D0003B20C5 /* Counter */ = {
			isa = PBXNativeTarget;
			buildConfigurationList = C3049784294C95D1003B20C5 /* Build configuration list for PBXNativeTarget "Counter" */;
			buildPhases = (
				C304975C294C95D0003B20C5 /* Sources */,
				C304975D294C95D0003B20C5 /* Frameworks */,
				C304975E294C95D0003B20C5 /* Resources */,
			);
			buildRules = (
			);
			dependencies = (
			);
			name = Counter;
			packageProductDependencies = (
				C3049792294C9634003B20C5 /* OneWay */,
			);
			productName = Counter;
			productReference = C3049760294C95D0003B20C5 /* Counter.app */;
			productType = "com.apple.product-type.application";
		};
		C304976F294C95D1003B20C5 /* CounterTests */ = {
			isa = PBXNativeTarget;
			buildConfigurationList = C3049787294C95D1003B20C5 /* Build configuration list for PBXNativeTarget "CounterTests" */;
			buildPhases = (
				C304976C294C95D1003B20C5 /* Sources */,
				C304976D294C95D1003B20C5 /* Frameworks */,
				C304976E294C95D1003B20C5 /* Resources */,
			);
			buildRules = (
			);
			dependencies = (
				C3049772294C95D1003B20C5 /* PBXTargetDependency */,
			);
			name = CounterTests;
			productName = CounterTests;
			productReference = C3049770294C95D1003B20C5 /* CounterTests.xctest */;
			productType = "com.apple.product-type.bundle.unit-test";
		};
		C3049779294C95D1003B20C5 /* CounterUITests */ = {
			isa = PBXNativeTarget;
			buildConfigurationList = C304978A294C95D1003B20C5 /* Build configuration list for PBXNativeTarget "CounterUITests" */;
			buildPhases = (
				C3049776294C95D1003B20C5 /* Sources */,
				C3049777294C95D1003B20C5 /* Frameworks */,
				C3049778294C95D1003B20C5 /* Resources */,
			);
			buildRules = (
			);
			dependencies = (
				C304977C294C95D1003B20C5 /* PBXTargetDependency */,
			);
			name = CounterUITests;
			productName = CounterUITests;
			productReference = C304977A294C95D1003B20C5 /* CounterUITests.xctest */;
			productType = "com.apple.product-type.bundle.ui-testing";
		};
/* End PBXNativeTarget section */

/* Begin PBXProject section */
		C3049758294C95D0003B20C5 /* Project object */ = {
			isa = PBXProject;
			attributes = {
				BuildIndependentTargetsInParallel = 1;
				LastSwiftUpdateCheck = 1400;
				LastUpgradeCheck = 1400;
				TargetAttributes = {
					C304975F294C95D0003B20C5 = {
						CreatedOnToolsVersion = 14.0.1;
					};
					C304976F294C95D1003B20C5 = {
						CreatedOnToolsVersion = 14.0.1;
						TestTargetID = C304975F294C95D0003B20C5;
					};
					C3049779294C95D1003B20C5 = {
						CreatedOnToolsVersion = 14.0.1;
						TestTargetID = C304975F294C95D0003B20C5;
					};
				};
			};
			buildConfigurationList = C304975B294C95D0003B20C5 /* Build configuration list for PBXProject "Counter" */;
			compatibilityVersion = "Xcode 14.0";
			developmentRegion = en;
			hasScannedForEncodings = 0;
			knownRegions = (
				en,
				Base,
			);
			mainGroup = C3049757294C95D0003B20C5;
			packageReferences = (
				C3049791294C9634003B20C5 /* XCRemoteSwiftPackageReference "OneWay" */,
			);
			productRefGroup = C3049761294C95D0003B20C5 /* Products */;
			projectDirPath = "";
			projectRoot = "";
			targets = (
				C304975F294C95D0003B20C5 /* Counter */,
				C304976F294C95D1003B20C5 /* CounterTests */,
				C3049779294C95D1003B20C5 /* CounterUITests */,
			);
		};
/* End PBXProject section */

/* Begin PBXResourcesBuildPhase section */
		C304975E294C95D0003B20C5 /* Resources */ = {
			isa = PBXResourcesBuildPhase;
			buildActionMask = 2147483647;
			files = (
				C304976B294C95D1003B20C5 /* Preview Assets.xcassets in Resources */,
				C3049768294C95D1003B20C5 /* Assets.xcassets in Resources */,
			);
			runOnlyForDeploymentPostprocessing = 0;
		};
		C304976E294C95D1003B20C5 /* Resources */ = {
			isa = PBXResourcesBuildPhase;
			buildActionMask = 2147483647;
			files = (
			);
			runOnlyForDeploymentPostprocessing = 0;
		};
		C3049778294C95D1003B20C5 /* Resources */ = {
			isa = PBXResourcesBuildPhase;
			buildActionMask = 2147483647;
			files = (
			);
			runOnlyForDeploymentPostprocessing = 0;
		};
/* End PBXResourcesBuildPhase section */

/* Begin PBXSourcesBuildPhase section */
		C304975C294C95D0003B20C5 /* Sources */ = {
			isa = PBXSourcesBuildPhase;
			buildActionMask = 2147483647;
			files = (
				C3049795294C965B003B20C5 /* GlobalState.swift in Sources */,
				C3049764294C95D0003B20C5 /* CounterApp.swift in Sources */,
				C304978F294C95EA003B20C5 /* CounterViewReducer.swift in Sources */,
				C3049790294C95EA003B20C5 /* CounterView.swift in Sources */,
			);
			runOnlyForDeploymentPostprocessing = 0;
		};
		C304976C294C95D1003B20C5 /* Sources */ = {
			isa = PBXSourcesBuildPhase;
			buildActionMask = 2147483647;
			files = (
				C3049775294C95D1003B20C5 /* CounterTests.swift in Sources */,
			);
			runOnlyForDeploymentPostprocessing = 0;
		};
		C3049776294C95D1003B20C5 /* Sources */ = {
			isa = PBXSourcesBuildPhase;
			buildActionMask = 2147483647;
			files = (
				C304977F294C95D1003B20C5 /* CounterUITests.swift in Sources */,
				C3049781294C95D1003B20C5 /* CounterUITestsLaunchTests.swift in Sources */,
			);
			runOnlyForDeploymentPostprocessing = 0;
		};
/* End PBXSourcesBuildPhase section */

/* Begin PBXTargetDependency section */
		C3049772294C95D1003B20C5 /* PBXTargetDependency */ = {
			isa = PBXTargetDependency;
			target = C304975F294C95D0003B20C5 /* Counter */;
			targetProxy = C3049771294C95D1003B20C5 /* PBXContainerItemProxy */;
		};
		C304977C294C95D1003B20C5 /* PBXTargetDependency */ = {
			isa = PBXTargetDependency;
			target = C304975F294C95D0003B20C5 /* Counter */;
			targetProxy = C304977B294C95D1003B20C5 /* PBXContainerItemProxy */;
		};
/* End PBXTargetDependency section */

/* Begin XCBuildConfiguration section */
		C3049782294C95D1003B20C5 /* Debug */ = {
			isa = XCBuildConfiguration;
			buildSettings = {
				ALWAYS_SEARCH_USER_PATHS = NO;
				CLANG_ANALYZER_NONNULL = YES;
				CLANG_ANALYZER_NUMBER_OBJECT_CONVERSION = YES_AGGRESSIVE;
				CLANG_CXX_LANGUAGE_STANDARD = "gnu++20";
				CLANG_ENABLE_MODULES = YES;
				CLANG_ENABLE_OBJC_ARC = YES;
				CLANG_ENABLE_OBJC_WEAK = YES;
				CLANG_WARN_BLOCK_CAPTURE_AUTORELEASING = YES;
				CLANG_WARN_BOOL_CONVERSION = YES;
				CLANG_WARN_COMMA = YES;
				CLANG_WARN_CONSTANT_CONVERSION = YES;
				CLANG_WARN_DEPRECATED_OBJC_IMPLEMENTATIONS = YES;
				CLANG_WARN_DIRECT_OBJC_ISA_USAGE = YES_ERROR;
				CLANG_WARN_DOCUMENTATION_COMMENTS = YES;
				CLANG_WARN_EMPTY_BODY = YES;
				CLANG_WARN_ENUM_CONVERSION = YES;
				CLANG_WARN_INFINITE_RECURSION = YES;
				CLANG_WARN_INT_CONVERSION = YES;
				CLANG_WARN_NON_LITERAL_NULL_CONVERSION = YES;
				CLANG_WARN_OBJC_IMPLICIT_RETAIN_SELF = YES;
				CLANG_WARN_OBJC_LITERAL_CONVERSION = YES;
				CLANG_WARN_OBJC_ROOT_CLASS = YES_ERROR;
				CLANG_WARN_QUOTED_INCLUDE_IN_FRAMEWORK_HEADER = YES;
				CLANG_WARN_RANGE_LOOP_ANALYSIS = YES;
				CLANG_WARN_STRICT_PROTOTYPES = YES;
				CLANG_WARN_SUSPICIOUS_MOVE = YES;
				CLANG_WARN_UNGUARDED_AVAILABILITY = YES_AGGRESSIVE;
				CLANG_WARN_UNREACHABLE_CODE = YES;
				CLANG_WARN__DUPLICATE_METHOD_MATCH = YES;
				COPY_PHASE_STRIP = NO;
				DEBUG_INFORMATION_FORMAT = dwarf;
				ENABLE_STRICT_OBJC_MSGSEND = YES;
				ENABLE_TESTABILITY = YES;
				GCC_C_LANGUAGE_STANDARD = gnu11;
				GCC_DYNAMIC_NO_PIC = NO;
				GCC_NO_COMMON_BLOCKS = YES;
				GCC_OPTIMIZATION_LEVEL = 0;
				GCC_PREPROCESSOR_DEFINITIONS = (
					"DEBUG=1",
					"$(inherited)",
				);
				GCC_WARN_64_TO_32_BIT_CONVERSION = YES;
				GCC_WARN_ABOUT_RETURN_TYPE = YES_ERROR;
				GCC_WARN_UNDECLARED_SELECTOR = YES;
				GCC_WARN_UNINITIALIZED_AUTOS = YES_AGGRESSIVE;
				GCC_WARN_UNUSED_FUNCTION = YES;
				GCC_WARN_UNUSED_VARIABLE = YES;
				IPHONEOS_DEPLOYMENT_TARGET = 15.0;
				MTL_ENABLE_DEBUG_INFO = INCLUDE_SOURCE;
				MTL_FAST_MATH = YES;
				ONLY_ACTIVE_ARCH = YES;
				SDKROOT = iphoneos;
				SWIFT_ACTIVE_COMPILATION_CONDITIONS = DEBUG;
				SWIFT_OPTIMIZATION_LEVEL = "-Onone";
			};
			name = Debug;
		};
		C3049783294C95D1003B20C5 /* Release */ = {
			isa = XCBuildConfiguration;
			buildSettings = {
				ALWAYS_SEARCH_USER_PATHS = NO;
				CLANG_ANALYZER_NONNULL = YES;
				CLANG_ANALYZER_NUMBER_OBJECT_CONVERSION = YES_AGGRESSIVE;
				CLANG_CXX_LANGUAGE_STANDARD = "gnu++20";
				CLANG_ENABLE_MODULES = YES;
				CLANG_ENABLE_OBJC_ARC = YES;
				CLANG_ENABLE_OBJC_WEAK = YES;
				CLANG_WARN_BLOCK_CAPTURE_AUTORELEASING = YES;
				CLANG_WARN_BOOL_CONVERSION = YES;
				CLANG_WARN_COMMA = YES;
				CLANG_WARN_CONSTANT_CONVERSION = YES;
				CLANG_WARN_DEPRECATED_OBJC_IMPLEMENTATIONS = YES;
				CLANG_WARN_DIRECT_OBJC_ISA_USAGE = YES_ERROR;
				CLANG_WARN_DOCUMENTATION_COMMENTS = YES;
				CLANG_WARN_EMPTY_BODY = YES;
				CLANG_WARN_ENUM_CONVERSION = YES;
				CLANG_WARN_INFINITE_RECURSION = YES;
				CLANG_WARN_INT_CONVERSION = YES;
				CLANG_WARN_NON_LITERAL_NULL_CONVERSION = YES;
				CLANG_WARN_OBJC_IMPLICIT_RETAIN_SELF = YES;
				CLANG_WARN_OBJC_LITERAL_CONVERSION = YES;
				CLANG_WARN_OBJC_ROOT_CLASS = YES_ERROR;
				CLANG_WARN_QUOTED_INCLUDE_IN_FRAMEWORK_HEADER = YES;
				CLANG_WARN_RANGE_LOOP_ANALYSIS = YES;
				CLANG_WARN_STRICT_PROTOTYPES = YES;
				CLANG_WARN_SUSPICIOUS_MOVE = YES;
				CLANG_WARN_UNGUARDED_AVAILABILITY = YES_AGGRESSIVE;
				CLANG_WARN_UNREACHABLE_CODE = YES;
				CLANG_WARN__DUPLICATE_METHOD_MATCH = YES;
				COPY_PHASE_STRIP = NO;
				DEBUG_INFORMATION_FORMAT = "dwarf-with-dsym";
				ENABLE_NS_ASSERTIONS = NO;
				ENABLE_STRICT_OBJC_MSGSEND = YES;
				GCC_C_LANGUAGE_STANDARD = gnu11;
				GCC_NO_COMMON_BLOCKS = YES;
				GCC_WARN_64_TO_32_BIT_CONVERSION = YES;
				GCC_WARN_ABOUT_RETURN_TYPE = YES_ERROR;
				GCC_WARN_UNDECLARED_SELECTOR = YES;
				GCC_WARN_UNINITIALIZED_AUTOS = YES_AGGRESSIVE;
				GCC_WARN_UNUSED_FUNCTION = YES;
				GCC_WARN_UNUSED_VARIABLE = YES;
				IPHONEOS_DEPLOYMENT_TARGET = 15.0;
				MTL_ENABLE_DEBUG_INFO = NO;
				MTL_FAST_MATH = YES;
				SDKROOT = iphoneos;
				SWIFT_COMPILATION_MODE = wholemodule;
				SWIFT_OPTIMIZATION_LEVEL = "-O";
				VALIDATE_PRODUCT = YES;
			};
			name = Release;
		};
		C3049785294C95D1003B20C5 /* Debug */ = {
			isa = XCBuildConfiguration;
			buildSettings = {
				ASSETCATALOG_COMPILER_APPICON_NAME = AppIcon;
				ASSETCATALOG_COMPILER_GLOBAL_ACCENT_COLOR_NAME = AccentColor;
				CODE_SIGN_STYLE = Automatic;
				CURRENT_PROJECT_VERSION = 1;
				DEVELOPMENT_ASSET_PATHS = "\"Counter/Preview Content\"";
				DEVELOPMENT_TEAM = T42V7M748Y;
				ENABLE_PREVIEWS = YES;
				GENERATE_INFOPLIST_FILE = YES;
				INFOPLIST_KEY_UIApplicationSceneManifest_Generation = YES;
				INFOPLIST_KEY_UIApplicationSupportsIndirectInputEvents = YES;
				INFOPLIST_KEY_UILaunchScreen_Generation = YES;
				INFOPLIST_KEY_UISupportedInterfaceOrientations_iPad = "UIInterfaceOrientationPortrait UIInterfaceOrientationPortraitUpsideDown UIInterfaceOrientationLandscapeLeft UIInterfaceOrientationLandscapeRight";
				INFOPLIST_KEY_UISupportedInterfaceOrientations_iPhone = "UIInterfaceOrientationPortrait UIInterfaceOrientationLandscapeLeft UIInterfaceOrientationLandscapeRight";
				IPHONEOS_DEPLOYMENT_TARGET = 15.0;
				LD_RUNPATH_SEARCH_PATHS = (
					"$(inherited)",
					"@executable_path/Frameworks",
				);
				MARKETING_VERSION = 1.0;
				PRODUCT_BUNDLE_IDENTIFIER = com.DevYeom.Counter;
				PRODUCT_NAME = "$(TARGET_NAME)";
				SWIFT_EMIT_LOC_STRINGS = YES;
				SWIFT_STRICT_CONCURRENCY = complete;
				SWIFT_VERSION = 5.0;
				TARGETED_DEVICE_FAMILY = "1,2";
			};
			name = Debug;
		};
		C3049786294C95D1003B20C5 /* Release */ = {
			isa = XCBuildConfiguration;
			buildSettings = {
				ASSETCATALOG_COMPILER_APPICON_NAME = AppIcon;
				ASSETCATALOG_COMPILER_GLOBAL_ACCENT_COLOR_NAME = AccentColor;
				CODE_SIGN_STYLE = Automatic;
				CURRENT_PROJECT_VERSION = 1;
				DEVELOPMENT_ASSET_PATHS = "\"Counter/Preview Content\"";
				DEVELOPMENT_TEAM = T42V7M748Y;
				ENABLE_PREVIEWS = YES;
				GENERATE_INFOPLIST_FILE = YES;
				INFOPLIST_KEY_UIApplicationSceneManifest_Generation = YES;
				INFOPLIST_KEY_UIApplicationSupportsIndirectInputEvents = YES;
				INFOPLIST_KEY_UILaunchScreen_Generation = YES;
				INFOPLIST_KEY_UISupportedInterfaceOrientations_iPad = "UIInterfaceOrientationPortrait UIInterfaceOrientationPortraitUpsideDown UIInterfaceOrientationLandscapeLeft UIInterfaceOrientationLandscapeRight";
				INFOPLIST_KEY_UISupportedInterfaceOrientations_iPhone = "UIInterfaceOrientationPortrait UIInterfaceOrientationLandscapeLeft UIInterfaceOrientationLandscapeRight";
				IPHONEOS_DEPLOYMENT_TARGET = 15.0;
				LD_RUNPATH_SEARCH_PATHS = (
					"$(inherited)",
					"@executable_path/Frameworks",
				);
				MARKETING_VERSION = 1.0;
				PRODUCT_BUNDLE_IDENTIFIER = com.DevYeom.Counter;
				PRODUCT_NAME = "$(TARGET_NAME)";
				SWIFT_EMIT_LOC_STRINGS = YES;
				SWIFT_STRICT_CONCURRENCY = complete;
				SWIFT_VERSION = 5.0;
				TARGETED_DEVICE_FAMILY = "1,2";
			};
			name = Release;
		};
		C3049788294C95D1003B20C5 /* Debug */ = {
			isa = XCBuildConfiguration;
			buildSettings = {
				ALWAYS_EMBED_SWIFT_STANDARD_LIBRARIES = YES;
				BUNDLE_LOADER = "$(TEST_HOST)";
				CODE_SIGN_STYLE = Automatic;
				CURRENT_PROJECT_VERSION = 1;
				DEVELOPMENT_TEAM = T42V7M748Y;
				GENERATE_INFOPLIST_FILE = YES;
				IPHONEOS_DEPLOYMENT_TARGET = 16.0;
				MARKETING_VERSION = 1.0;
				PRODUCT_BUNDLE_IDENTIFIER = com.DevYeom.CounterTests;
				PRODUCT_NAME = "$(TARGET_NAME)";
				SWIFT_EMIT_LOC_STRINGS = NO;
				SWIFT_VERSION = 5.0;
				TARGETED_DEVICE_FAMILY = "1,2";
				TEST_HOST = "$(BUILT_PRODUCTS_DIR)/Counter.app/$(BUNDLE_EXECUTABLE_FOLDER_PATH)/Counter";
			};
			name = Debug;
		};
		C3049789294C95D1003B20C5 /* Release */ = {
			isa = XCBuildConfiguration;
			buildSettings = {
				ALWAYS_EMBED_SWIFT_STANDARD_LIBRARIES = YES;
				BUNDLE_LOADER = "$(TEST_HOST)";
				CODE_SIGN_STYLE = Automatic;
				CURRENT_PROJECT_VERSION = 1;
				DEVELOPMENT_TEAM = T42V7M748Y;
				GENERATE_INFOPLIST_FILE = YES;
				IPHONEOS_DEPLOYMENT_TARGET = 16.0;
				MARKETING_VERSION = 1.0;
				PRODUCT_BUNDLE_IDENTIFIER = com.DevYeom.CounterTests;
				PRODUCT_NAME = "$(TARGET_NAME)";
				SWIFT_EMIT_LOC_STRINGS = NO;
				SWIFT_VERSION = 5.0;
				TARGETED_DEVICE_FAMILY = "1,2";
				TEST_HOST = "$(BUILT_PRODUCTS_DIR)/Counter.app/$(BUNDLE_EXECUTABLE_FOLDER_PATH)/Counter";
			};
			name = Release;
		};
		C304978B294C95D1003B20C5 /* Debug */ = {
			isa = XCBuildConfiguration;
			buildSettings = {
				ALWAYS_EMBED_SWIFT_STANDARD_LIBRARIES = YES;
				CODE_SIGN_STYLE = Automatic;
				CURRENT_PROJECT_VERSION = 1;
				DEVELOPMENT_TEAM = T42V7M748Y;
				GENERATE_INFOPLIST_FILE = YES;
				MARKETING_VERSION = 1.0;
				PRODUCT_BUNDLE_IDENTIFIER = com.DevYeom.CounterUITests;
				PRODUCT_NAME = "$(TARGET_NAME)";
				SWIFT_EMIT_LOC_STRINGS = NO;
				SWIFT_VERSION = 5.0;
				TARGETED_DEVICE_FAMILY = "1,2";
				TEST_TARGET_NAME = Counter;
			};
			name = Debug;
		};
		C304978C294C95D1003B20C5 /* Release */ = {
			isa = XCBuildConfiguration;
			buildSettings = {
				ALWAYS_EMBED_SWIFT_STANDARD_LIBRARIES = YES;
				CODE_SIGN_STYLE = Automatic;
				CURRENT_PROJECT_VERSION = 1;
				DEVELOPMENT_TEAM = T42V7M748Y;
				GENERATE_INFOPLIST_FILE = YES;
				MARKETING_VERSION = 1.0;
				PRODUCT_BUNDLE_IDENTIFIER = com.DevYeom.CounterUITests;
				PRODUCT_NAME = "$(TARGET_NAME)";
				SWIFT_EMIT_LOC_STRINGS = NO;
				SWIFT_VERSION = 5.0;
				TARGETED_DEVICE_FAMILY = "1,2";
				TEST_TARGET_NAME = Counter;
			};
			name = Release;
		};
/* End XCBuildConfiguration section */

/* Begin XCConfigurationList section */
		C304975B294C95D0003B20C5 /* Build configuration list for PBXProject "Counter" */ = {
			isa = XCConfigurationList;
			buildConfigurations = (
				C3049782294C95D1003B20C5 /* Debug */,
				C3049783294C95D1003B20C5 /* Release */,
			);
			defaultConfigurationIsVisible = 0;
			defaultConfigurationName = Release;
		};
		C3049784294C95D1003B20C5 /* Build configuration list for PBXNativeTarget "Counter" */ = {
			isa = XCConfigurationList;
			buildConfigurations = (
				C3049785294C95D1003B20C5 /* Debug */,
				C3049786294C95D1003B20C5 /* Release */,
			);
			defaultConfigurationIsVisible = 0;
			defaultConfigurationName = Release;
		};
		C3049787294C95D1003B20C5 /* Build configuration list for PBXNativeTarget "CounterTests" */ = {
			isa = XCConfigurationList;
			buildConfigurations = (
				C3049788294C95D1003B20C5 /* Debug */,
				C3049789294C95D1003B20C5 /* Release */,
			);
			defaultConfigurationIsVisible = 0;
			defaultConfigurationName = Release;
		};
		C304978A294C95D1003B20C5 /* Build configuration list for PBXNativeTarget "CounterUITests" */ = {
			isa = XCConfigurationList;
			buildConfigurations = (
				C304978B294C95D1003B20C5 /* Debug */,
				C304978C294C95D1003B20C5 /* Release */,
			);
			defaultConfigurationIsVisible = 0;
			defaultConfigurationName = Release;
		};
/* End XCConfigurationList section */

/* Begin XCRemoteSwiftPackageReference section */
		C3049791294C9634003B20C5 /* XCRemoteSwiftPackageReference "OneWay" */ = {
			isa = XCRemoteSwiftPackageReference;
			repositoryURL = "https://github.com/DevYeom/OneWay.git";
			requirement = {
				kind = upToNextMajorVersion;
				minimumVersion = 2.0.0;
			};
		};
/* End XCRemoteSwiftPackageReference section */

/* Begin XCSwiftPackageProductDependency section */
		C3049792294C9634003B20C5 /* OneWay */ = {
			isa = XCSwiftPackageProductDependency;
			package = C3049791294C9634003B20C5 /* XCRemoteSwiftPackageReference "OneWay" */;
			productName = OneWay;
		};
/* End XCSwiftPackageProductDependency section */
	};
	rootObject = C3049758294C95D0003B20C5 /* Project object */;
}
