// !$*UTF8*$!
{
	archiveVersion = 1;
	classes = {
	};
	objectVersion = 55;
	objects = {

/* Begin PBXBuildFile section */
		CCED84D9285965C700E24575 /* AppDelegate.swift in Sources */ = {isa = PBXBuildFile; fileRef = CCED84D8285965C700E24575 /* AppDelegate.swift */; };
		CCED84DB285965C700E24575 /* SceneDelegate.swift in Sources */ = {isa = PBXBuildFile; fileRef = CCED84DA285965C700E24575 /* SceneDelegate.swift */; };
		CCED84DD285965C700E24575 /* CounterViewController.swift in Sources */ = {isa = PBXBuildFile; fileRef = CCED84DC285965C700E24575 /* CounterViewController.swift */; };
		CCED84E2285965C800E24575 /* Assets.xcassets in Resources */ = {isa = PBXBuildFile; fileRef = CCED84E1285965C800E24575 /* Assets.xcassets */; };
		CCED84E5285965C800E24575 /* LaunchScreen.storyboard in Resources */ = {isa = PBXBuildFile; fileRef = CCED84E3285965C800E24575 /* LaunchScreen.storyboard */; };
		CCED84F0285965C800E24575 /* OneWayExampleTests.swift in Sources */ = {isa = PBXBuildFile; fileRef = CCED84EF285965C800E24575 /* OneWayExampleTests.swift */; };
		CCED84FA285965C800E24575 /* OneWayExampleUITests.swift in Sources */ = {isa = PBXBuildFile; fileRef = CCED84F9285965C800E24575 /* OneWayExampleUITests.swift */; };
		CCED84FC285965C800E24575 /* OneWayExampleUITestsLaunchTests.swift in Sources */ = {isa = PBXBuildFile; fileRef = CCED84FB285965C800E24575 /* OneWayExampleUITestsLaunchTests.swift */; };
		CCED850A285967D000E24575 /* OneWay in Frameworks */ = {isa = PBXBuildFile; productRef = CCED8509285967D000E24575 /* OneWay */; };
		CCED850D28596B6300E24575 /* CombineCocoa in Frameworks */ = {isa = PBXBuildFile; productRef = CCED850C28596B6300E24575 /* CombineCocoa */; };
		CCED850F28596B9E00E24575 /* CounterViewWay.swift in Sources */ = {isa = PBXBuildFile; fileRef = CCED850E28596B9E00E24575 /* CounterViewWay.swift */; };
		CCED851128596C8600E24575 /* GlobalState.swift in Sources */ = {isa = PBXBuildFile; fileRef = CCED851028596C8600E24575 /* GlobalState.swift */; };
/* End PBXBuildFile section */

/* Begin PBXContainerItemProxy section */
		CCED84EC285965C800E24575 /* PBXContainerItemProxy */ = {
			isa = PBXContainerItemProxy;
			containerPortal = CCED84CD285965C700E24575 /* Project object */;
			proxyType = 1;
			remoteGlobalIDString = CCED84D4285965C700E24575;
			remoteInfo = OneWayExample;
		};
		CCED84F6285965C800E24575 /* PBXContainerItemProxy */ = {
			isa = PBXContainerItemProxy;
			containerPortal = CCED84CD285965C700E24575 /* Project object */;
			proxyType = 1;
			remoteGlobalIDString = CCED84D4285965C700E24575;
			remoteInfo = OneWayExample;
		};
/* End PBXContainerItemProxy section */

/* Begin PBXFileReference section */
		CCED84D5285965C700E24575 /* OneWayExample.app */ = {isa = PBXFileReference; explicitFileType = wrapper.application; includeInIndex = 0; path = OneWayExample.app; sourceTree = BUILT_PRODUCTS_DIR; };
		CCED84D8285965C700E24575 /* AppDelegate.swift */ = {isa = PBXFileReference; lastKnownFileType = sourcecode.swift; path = AppDelegate.swift; sourceTree = "<group>"; };
		CCED84DA285965C700E24575 /* SceneDelegate.swift */ = {isa = PBXFileReference; lastKnownFileType = sourcecode.swift; path = SceneDelegate.swift; sourceTree = "<group>"; };
		CCED84DC285965C700E24575 /* CounterViewController.swift */ = {isa = PBXFileReference; lastKnownFileType = sourcecode.swift; path = CounterViewController.swift; sourceTree = "<group>"; };
		CCED84E1285965C800E24575 /* Assets.xcassets */ = {isa = PBXFileReference; lastKnownFileType = folder.assetcatalog; path = Assets.xcassets; sourceTree = "<group>"; };
		CCED84E4285965C800E24575 /* Base */ = {isa = PBXFileReference; lastKnownFileType = file.storyboard; name = Base; path = Base.lproj/LaunchScreen.storyboard; sourceTree = "<group>"; };
		CCED84E6285965C800E24575 /* Info.plist */ = {isa = PBXFileReference; lastKnownFileType = text.plist.xml; path = Info.plist; sourceTree = "<group>"; };
		CCED84EB285965C800E24575 /* OneWayExampleTests.xctest */ = {isa = PBXFileReference; explicitFileType = wrapper.cfbundle; includeInIndex = 0; path = OneWayExampleTests.xctest; sourceTree = BUILT_PRODUCTS_DIR; };
		CCED84EF285965C800E24575 /* OneWayExampleTests.swift */ = {isa = PBXFileReference; lastKnownFileType = sourcecode.swift; path = OneWayExampleTests.swift; sourceTree = "<group>"; };
		CCED84F5285965C800E24575 /* OneWayExampleUITests.xctest */ = {isa = PBXFileReference; explicitFileType = wrapper.cfbundle; includeInIndex = 0; path = OneWayExampleUITests.xctest; sourceTree = BUILT_PRODUCTS_DIR; };
		CCED84F9285965C800E24575 /* OneWayExampleUITests.swift */ = {isa = PBXFileReference; lastKnownFileType = sourcecode.swift; path = OneWayExampleUITests.swift; sourceTree = "<group>"; };
		CCED84FB285965C800E24575 /* OneWayExampleUITestsLaunchTests.swift */ = {isa = PBXFileReference; lastKnownFileType = sourcecode.swift; path = OneWayExampleUITestsLaunchTests.swift; sourceTree = "<group>"; };
		CCED850E28596B9E00E24575 /* CounterViewWay.swift */ = {isa = PBXFileReference; lastKnownFileType = sourcecode.swift; path = CounterViewWay.swift; sourceTree = "<group>"; };
		CCED851028596C8600E24575 /* GlobalState.swift */ = {isa = PBXFileReference; lastKnownFileType = sourcecode.swift; path = GlobalState.swift; sourceTree = "<group>"; };
/* End PBXFileReference section */

/* Begin PBXFrameworksBuildPhase section */
		CCED84D2285965C700E24575 /* Frameworks */ = {
			isa = PBXFrameworksBuildPhase;
			buildActionMask = 2147483647;
			files = (
				CCED850D28596B6300E24575 /* CombineCocoa in Frameworks */,
				CCED850A285967D000E24575 /* OneWay in Frameworks */,
			);
			runOnlyForDeploymentPostprocessing = 0;
		};
		CCED84E8285965C800E24575 /* Frameworks */ = {
			isa = PBXFrameworksBuildPhase;
			buildActionMask = 2147483647;
			files = (
			);
			runOnlyForDeploymentPostprocessing = 0;
		};
		CCED84F2285965C800E24575 /* Frameworks */ = {
			isa = PBXFrameworksBuildPhase;
			buildActionMask = 2147483647;
			files = (
			);
			runOnlyForDeploymentPostprocessing = 0;
		};
/* End PBXFrameworksBuildPhase section */

/* Begin PBXGroup section */
		CCED84CC285965C700E24575 = {
			isa = PBXGroup;
			children = (
				CCED84D7285965C700E24575 /* OneWayExample */,
				CCED84EE285965C800E24575 /* OneWayExampleTests */,
				CCED84F8285965C800E24575 /* OneWayExampleUITests */,
				CCED84D6285965C700E24575 /* Products */,
			);
			sourceTree = "<group>";
		};
		CCED84D6285965C700E24575 /* Products */ = {
			isa = PBXGroup;
			children = (
				CCED84D5285965C700E24575 /* OneWayExample.app */,
				CCED84EB285965C800E24575 /* OneWayExampleTests.xctest */,
				CCED84F5285965C800E24575 /* OneWayExampleUITests.xctest */,
			);
			name = Products;
			sourceTree = "<group>";
		};
		CCED84D7285965C700E24575 /* OneWayExample */ = {
			isa = PBXGroup;
			children = (
				CCED84D8285965C700E24575 /* AppDelegate.swift */,
				CCED84DA285965C700E24575 /* SceneDelegate.swift */,
				CCED84DC285965C700E24575 /* CounterViewController.swift */,
				CCED850E28596B9E00E24575 /* CounterViewWay.swift */,
				CCED851028596C8600E24575 /* GlobalState.swift */,
				CCED84E1285965C800E24575 /* Assets.xcassets */,
				CCED84E3285965C800E24575 /* LaunchScreen.storyboard */,
				CCED84E6285965C800E24575 /* Info.plist */,
			);
			path = OneWayExample;
			sourceTree = "<group>";
		};
		CCED84EE285965C800E24575 /* OneWayExampleTests */ = {
			isa = PBXGroup;
			children = (
				CCED84EF285965C800E24575 /* OneWayExampleTests.swift */,
			);
			path = OneWayExampleTests;
			sourceTree = "<group>";
		};
		CCED84F8285965C800E24575 /* OneWayExampleUITests */ = {
			isa = PBXGroup;
			children = (
				CCED84F9285965C800E24575 /* OneWayExampleUITests.swift */,
				CCED84FB285965C800E24575 /* OneWayExampleUITestsLaunchTests.swift */,
			);
			path = OneWayExampleUITests;
			sourceTree = "<group>";
		};
/* End PBXGroup section */

/* Begin PBXNativeTarget section */
		CCED84D4285965C700E24575 /* OneWayExample */ = {
			isa = PBXNativeTarget;
			buildConfigurationList = CCED84FF285965C800E24575 /* Build configuration list for PBXNativeTarget "OneWayExample" */;
			buildPhases = (
				CCED84D1285965C700E24575 /* Sources */,
				CCED84D2285965C700E24575 /* Frameworks */,
				CCED84D3285965C700E24575 /* Resources */,
			);
			buildRules = (
			);
			dependencies = (
			);
			name = OneWayExample;
			packageProductDependencies = (
				CCED8509285967D000E24575 /* OneWay */,
				CCED850C28596B6300E24575 /* CombineCocoa */,
			);
			productName = OneWayExample;
			productReference = CCED84D5285965C700E24575 /* OneWayExample.app */;
			productType = "com.apple.product-type.application";
		};
		CCED84EA285965C800E24575 /* OneWayExampleTests */ = {
			isa = PBXNativeTarget;
			buildConfigurationList = CCED8502285965C800E24575 /* Build configuration list for PBXNativeTarget "OneWayExampleTests" */;
			buildPhases = (
				CCED84E7285965C800E24575 /* Sources */,
				CCED84E8285965C800E24575 /* Frameworks */,
				CCED84E9285965C800E24575 /* Resources */,
			);
			buildRules = (
			);
			dependencies = (
				CCED84ED285965C800E24575 /* PBXTargetDependency */,
			);
			name = OneWayExampleTests;
			productName = OneWayExampleTests;
			productReference = CCED84EB285965C800E24575 /* OneWayExampleTests.xctest */;
			productType = "com.apple.product-type.bundle.unit-test";
		};
		CCED84F4285965C800E24575 /* OneWayExampleUITests */ = {
			isa = PBXNativeTarget;
			buildConfigurationList = CCED8505285965C800E24575 /* Build configuration list for PBXNativeTarget "OneWayExampleUITests" */;
			buildPhases = (
				CCED84F1285965C800E24575 /* Sources */,
				CCED84F2285965C800E24575 /* Frameworks */,
				CCED84F3285965C800E24575 /* Resources */,
			);
			buildRules = (
			);
			dependencies = (
				CCED84F7285965C800E24575 /* PBXTargetDependency */,
			);
			name = OneWayExampleUITests;
			productName = OneWayExampleUITests;
			productReference = CCED84F5285965C800E24575 /* OneWayExampleUITests.xctest */;
			productType = "com.apple.product-type.bundle.ui-testing";
		};
/* End PBXNativeTarget section */

/* Begin PBXProject section */
		CCED84CD285965C700E24575 /* Project object */ = {
			isa = PBXProject;
			attributes = {
				BuildIndependentTargetsInParallel = 1;
				LastSwiftUpdateCheck = 1320;
				LastUpgradeCheck = 1320;
				TargetAttributes = {
					CCED84D4285965C700E24575 = {
						CreatedOnToolsVersion = 13.2.1;
					};
					CCED84EA285965C800E24575 = {
						CreatedOnToolsVersion = 13.2.1;
						TestTargetID = CCED84D4285965C700E24575;
					};
					CCED84F4285965C800E24575 = {
						CreatedOnToolsVersion = 13.2.1;
						TestTargetID = CCED84D4285965C700E24575;
					};
				};
			};
			buildConfigurationList = CCED84D0285965C700E24575 /* Build configuration list for PBXProject "OneWayExample" */;
			compatibilityVersion = "Xcode 13.0";
			developmentRegion = en;
			hasScannedForEncodings = 0;
			knownRegions = (
				en,
				Base,
			);
			mainGroup = CCED84CC285965C700E24575;
			packageReferences = (
				CCED8508285967D000E24575 /* XCRemoteSwiftPackageReference "OneWay" */,
				CCED850B28596B6300E24575 /* XCRemoteSwiftPackageReference "CombineCocoa" */,
			);
			productRefGroup = CCED84D6285965C700E24575 /* Products */;
			projectDirPath = "";
			projectRoot = "";
			targets = (
				CCED84D4285965C700E24575 /* OneWayExample */,
				CCED84EA285965C800E24575 /* OneWayExampleTests */,
				CCED84F4285965C800E24575 /* OneWayExampleUITests */,
			);
		};
/* End PBXProject section */

/* Begin PBXResourcesBuildPhase section */
		CCED84D3285965C700E24575 /* Resources */ = {
			isa = PBXResourcesBuildPhase;
			buildActionMask = 2147483647;
			files = (
				CCED84E5285965C800E24575 /* LaunchScreen.storyboard in Resources */,
				CCED84E2285965C800E24575 /* Assets.xcassets in Resources */,
			);
			runOnlyForDeploymentPostprocessing = 0;
		};
		CCED84E9285965C800E24575 /* Resources */ = {
			isa = PBXResourcesBuildPhase;
			buildActionMask = 2147483647;
			files = (
			);
			runOnlyForDeploymentPostprocessing = 0;
		};
		CCED84F3285965C800E24575 /* Resources */ = {
			isa = PBXResourcesBuildPhase;
			buildActionMask = 2147483647;
			files = (
			);
			runOnlyForDeploymentPostprocessing = 0;
		};
/* End PBXResourcesBuildPhase section */

/* Begin PBXSourcesBuildPhase section */
		CCED84D1285965C700E24575 /* Sources */ = {
			isa = PBXSourcesBuildPhase;
			buildActionMask = 2147483647;
			files = (
				CCED84DD285965C700E24575 /* CounterViewController.swift in Sources */,
				CCED851128596C8600E24575 /* GlobalState.swift in Sources */,
				CCED84D9285965C700E24575 /* AppDelegate.swift in Sources */,
				CCED84DB285965C700E24575 /* SceneDelegate.swift in Sources */,
				CCED850F28596B9E00E24575 /* CounterViewWay.swift in Sources */,
			);
			runOnlyForDeploymentPostprocessing = 0;
		};
		CCED84E7285965C800E24575 /* Sources */ = {
			isa = PBXSourcesBuildPhase;
			buildActionMask = 2147483647;
			files = (
				CCED84F0285965C800E24575 /* OneWayExampleTests.swift in Sources */,
			);
			runOnlyForDeploymentPostprocessing = 0;
		};
		CCED84F1285965C800E24575 /* Sources */ = {
			isa = PBXSourcesBuildPhase;
			buildActionMask = 2147483647;
			files = (
				CCED84FC285965C800E24575 /* OneWayExampleUITestsLaunchTests.swift in Sources */,
				CCED84FA285965C800E24575 /* OneWayExampleUITests.swift in Sources */,
			);
			runOnlyForDeploymentPostprocessing = 0;
		};
/* End PBXSourcesBuildPhase section */

/* Begin PBXTargetDependency section */
		CCED84ED285965C800E24575 /* PBXTargetDependency */ = {
			isa = PBXTargetDependency;
			target = CCED84D4285965C700E24575 /* OneWayExample */;
			targetProxy = CCED84EC285965C800E24575 /* PBXContainerItemProxy */;
		};
		CCED84F7285965C800E24575 /* PBXTargetDependency */ = {
			isa = PBXTargetDependency;
			target = CCED84D4285965C700E24575 /* OneWayExample */;
			targetProxy = CCED84F6285965C800E24575 /* PBXContainerItemProxy */;
		};
/* End PBXTargetDependency section */

/* Begin PBXVariantGroup section */
		CCED84E3285965C800E24575 /* LaunchScreen.storyboard */ = {
			isa = PBXVariantGroup;
			children = (
				CCED84E4285965C800E24575 /* Base */,
			);
			name = LaunchScreen.storyboard;
			sourceTree = "<group>";
		};
/* End PBXVariantGroup section */

/* Begin XCBuildConfiguration section */
		CCED84FD285965C800E24575 /* Debug */ = {
			isa = XCBuildConfiguration;
			buildSettings = {
				ALWAYS_SEARCH_USER_PATHS = NO;
				CLANG_ANALYZER_NONNULL = YES;
				CLANG_ANALYZER_NUMBER_OBJECT_CONVERSION = YES_AGGRESSIVE;
				CLANG_CXX_LANGUAGE_STANDARD = "gnu++17";
				CLANG_CXX_LIBRARY = "libc++";
				CLANG_ENABLE_MODULES = YES;
				CLANG_ENABLE_OBJC_ARC = YES;
				CLANG_ENABLE_OBJC_WEAK = YES;
				CLANG_WARN_BLOCK_CAPTURE_AUTORELEASING = YES;
				CLANG_WARN_BOOL_CONVERSION = YES;
				CLANG_WARN_COMMA = YES;
				CLANG_WARN_CONSTANT_CONVERSION = YES;
				CLANG_WARN_DEPRECATED_OBJC_IMPLEMENTATIONS = YES;
				CLANG_WARN_DIRECT_OBJC_ISA_USAGE = YES_ERROR;
				CLANG_WARN_DOCUMENTATION_COMMENTS = YES;
				CLANG_WARN_EMPTY_BODY = YES;
				CLANG_WARN_ENUM_CONVERSION = YES;
				CLANG_WARN_INFINITE_RECURSION = YES;
				CLANG_WARN_INT_CONVERSION = YES;
				CLANG_WARN_NON_LITERAL_NULL_CONVERSION = YES;
				CLANG_WARN_OBJC_IMPLICIT_RETAIN_SELF = YES;
				CLANG_WARN_OBJC_LITERAL_CONVERSION = YES;
				CLANG_WARN_OBJC_ROOT_CLASS = YES_ERROR;
				CLANG_WARN_QUOTED_INCLUDE_IN_FRAMEWORK_HEADER = YES;
				CLANG_WARN_RANGE_LOOP_ANALYSIS = YES;
				CLANG_WARN_STRICT_PROTOTYPES = YES;
				CLANG_WARN_SUSPICIOUS_MOVE = YES;
				CLANG_WARN_UNGUARDED_AVAILABILITY = YES_AGGRESSIVE;
				CLANG_WARN_UNREACHABLE_CODE = YES;
				CLANG_WARN__DUPLICATE_METHOD_MATCH = YES;
				COPY_PHASE_STRIP = NO;
				DEBUG_INFORMATION_FORMAT = dwarf;
				ENABLE_STRICT_OBJC_MSGSEND = YES;
				ENABLE_TESTABILITY = YES;
				GCC_C_LANGUAGE_STANDARD = gnu11;
				GCC_DYNAMIC_NO_PIC = NO;
				GCC_NO_COMMON_BLOCKS = YES;
				GCC_OPTIMIZATION_LEVEL = 0;
				GCC_PREPROCESSOR_DEFINITIONS = (
					"DEBUG=1",
					"$(inherited)",
				);
				GCC_WARN_64_TO_32_BIT_CONVERSION = YES;
				GCC_WARN_ABOUT_RETURN_TYPE = YES_ERROR;
				GCC_WARN_UNDECLARED_SELECTOR = YES;
				GCC_WARN_UNINITIALIZED_AUTOS = YES_AGGRESSIVE;
				GCC_WARN_UNUSED_FUNCTION = YES;
				GCC_WARN_UNUSED_VARIABLE = YES;
				IPHONEOS_DEPLOYMENT_TARGET = 15.2;
				MTL_ENABLE_DEBUG_INFO = INCLUDE_SOURCE;
				MTL_FAST_MATH = YES;
				ONLY_ACTIVE_ARCH = YES;
				SDKROOT = iphoneos;
				SWIFT_ACTIVE_COMPILATION_CONDITIONS = DEBUG;
				SWIFT_OPTIMIZATION_LEVEL = "-Onone";
			};
			name = Debug;
		};
		CCED84FE285965C800E24575 /* Release */ = {
			isa = XCBuildConfiguration;
			buildSettings = {
				ALWAYS_SEARCH_USER_PATHS = NO;
				CLANG_ANALYZER_NONNULL = YES;
				CLANG_ANALYZER_NUMBER_OBJECT_CONVERSION = YES_AGGRESSIVE;
				CLANG_CXX_LANGUAGE_STANDARD = "gnu++17";
				CLANG_CXX_LIBRARY = "libc++";
				CLANG_ENABLE_MODULES = YES;
				CLANG_ENABLE_OBJC_ARC = YES;
				CLANG_ENABLE_OBJC_WEAK = YES;
				CLANG_WARN_BLOCK_CAPTURE_AUTORELEASING = YES;
				CLANG_WARN_BOOL_CONVERSION = YES;
				CLANG_WARN_COMMA = YES;
				CLANG_WARN_CONSTANT_CONVERSION = YES;
				CLANG_WARN_DEPRECATED_OBJC_IMPLEMENTATIONS = YES;
				CLANG_WARN_DIRECT_OBJC_ISA_USAGE = YES_ERROR;
				CLANG_WARN_DOCUMENTATION_COMMENTS = YES;
				CLANG_WARN_EMPTY_BODY = YES;
				CLANG_WARN_ENUM_CONVERSION = YES;
				CLANG_WARN_INFINITE_RECURSION = YES;
				CLANG_WARN_INT_CONVERSION = YES;
				CLANG_WARN_NON_LITERAL_NULL_CONVERSION = YES;
				CLANG_WARN_OBJC_IMPLICIT_RETAIN_SELF = YES;
				CLANG_WARN_OBJC_LITERAL_CONVERSION = YES;
				CLANG_WARN_OBJC_ROOT_CLASS = YES_ERROR;
				CLANG_WARN_QUOTED_INCLUDE_IN_FRAMEWORK_HEADER = YES;
				CLANG_WARN_RANGE_LOOP_ANALYSIS = YES;
				CLANG_WARN_STRICT_PROTOTYPES = YES;
				CLANG_WARN_SUSPICIOUS_MOVE = YES;
				CLANG_WARN_UNGUARDED_AVAILABILITY = YES_AGGRESSIVE;
				CLANG_WARN_UNREACHABLE_CODE = YES;
				CLANG_WARN__DUPLICATE_METHOD_MATCH = YES;
				COPY_PHASE_STRIP = NO;
				DEBUG_INFORMATION_FORMAT = "dwarf-with-dsym";
				ENABLE_NS_ASSERTIONS = NO;
				ENABLE_STRICT_OBJC_MSGSEND = YES;
				GCC_C_LANGUAGE_STANDARD = gnu11;
				GCC_NO_COMMON_BLOCKS = YES;
				GCC_WARN_64_TO_32_BIT_CONVERSION = YES;
				GCC_WARN_ABOUT_RETURN_TYPE = YES_ERROR;
				GCC_WARN_UNDECLARED_SELECTOR = YES;
				GCC_WARN_UNINITIALIZED_AUTOS = YES_AGGRESSIVE;
				GCC_WARN_UNUSED_FUNCTION = YES;
				GCC_WARN_UNUSED_VARIABLE = YES;
				IPHONEOS_DEPLOYMENT_TARGET = 15.2;
				MTL_ENABLE_DEBUG_INFO = NO;
				MTL_FAST_MATH = YES;
				SDKROOT = iphoneos;
				SWIFT_COMPILATION_MODE = wholemodule;
				SWIFT_OPTIMIZATION_LEVEL = "-O";
				VALIDATE_PRODUCT = YES;
			};
			name = Release;
		};
		CCED8500285965C800E24575 /* Debug */ = {
			isa = XCBuildConfiguration;
			buildSettings = {
				ASSETCATALOG_COMPILER_APPICON_NAME = AppIcon;
				ASSETCATALOG_COMPILER_GLOBAL_ACCENT_COLOR_NAME = AccentColor;
				CODE_SIGN_STYLE = Automatic;
				CURRENT_PROJECT_VERSION = 1;
				GENERATE_INFOPLIST_FILE = YES;
				INFOPLIST_FILE = OneWayExample/Info.plist;
				INFOPLIST_KEY_UIApplicationSupportsIndirectInputEvents = YES;
				INFOPLIST_KEY_UILaunchStoryboardName = LaunchScreen;
				INFOPLIST_KEY_UISupportedInterfaceOrientations_iPad = "UIInterfaceOrientationPortrait UIInterfaceOrientationPortraitUpsideDown UIInterfaceOrientationLandscapeLeft UIInterfaceOrientationLandscapeRight";
				INFOPLIST_KEY_UISupportedInterfaceOrientations_iPhone = "UIInterfaceOrientationPortrait UIInterfaceOrientationLandscapeLeft UIInterfaceOrientationLandscapeRight";
				IPHONEOS_DEPLOYMENT_TARGET = 13.0;
				LD_RUNPATH_SEARCH_PATHS = (
					"$(inherited)",
					"@executable_path/Frameworks",
				);
				MARKETING_VERSION = 1.0;
				PRODUCT_BUNDLE_IDENTIFIER = com.DevYeom.OneWayExample;
				PRODUCT_NAME = "$(TARGET_NAME)";
				SWIFT_EMIT_LOC_STRINGS = YES;
				SWIFT_VERSION = 5.0;
				TARGETED_DEVICE_FAMILY = 1;
			};
			name = Debug;
		};
		CCED8501285965C800E24575 /* Release */ = {
			isa = XCBuildConfiguration;
			buildSettings = {
				ASSETCATALOG_COMPILER_APPICON_NAME = AppIcon;
				ASSETCATALOG_COMPILER_GLOBAL_ACCENT_COLOR_NAME = AccentColor;
				CODE_SIGN_STYLE = Automatic;
				CURRENT_PROJECT_VERSION = 1;
				GENERATE_INFOPLIST_FILE = YES;
				INFOPLIST_FILE = OneWayExample/Info.plist;
				INFOPLIST_KEY_UIApplicationSupportsIndirectInputEvents = YES;
				INFOPLIST_KEY_UILaunchStoryboardName = LaunchScreen;
				INFOPLIST_KEY_UISupportedInterfaceOrientations_iPad = "UIInterfaceOrientationPortrait UIInterfaceOrientationPortraitUpsideDown UIInterfaceOrientationLandscapeLeft UIInterfaceOrientationLandscapeRight";
				INFOPLIST_KEY_UISupportedInterfaceOrientations_iPhone = "UIInterfaceOrientationPortrait UIInterfaceOrientationLandscapeLeft UIInterfaceOrientationLandscapeRight";
				IPHONEOS_DEPLOYMENT_TARGET = 13.0;
				LD_RUNPATH_SEARCH_PATHS = (
					"$(inherited)",
					"@executable_path/Frameworks",
				);
				MARKETING_VERSION = 1.0;
				PRODUCT_BUNDLE_IDENTIFIER = com.DevYeom.OneWayExample;
				PRODUCT_NAME = "$(TARGET_NAME)";
				SWIFT_EMIT_LOC_STRINGS = YES;
				SWIFT_VERSION = 5.0;
				TARGETED_DEVICE_FAMILY = 1;
			};
			name = Release;
		};
		CCED8503285965C800E24575 /* Debug */ = {
			isa = XCBuildConfiguration;
			buildSettings = {
				ALWAYS_EMBED_SWIFT_STANDARD_LIBRARIES = YES;
				BUNDLE_LOADER = "$(TEST_HOST)";
				CODE_SIGN_STYLE = Automatic;
				CURRENT_PROJECT_VERSION = 1;
				GENERATE_INFOPLIST_FILE = YES;
				IPHONEOS_DEPLOYMENT_TARGET = 15.2;
				MARKETING_VERSION = 1.0;
				PRODUCT_BUNDLE_IDENTIFIER = com.DevYeom.OneWayExampleTests;
				PRODUCT_NAME = "$(TARGET_NAME)";
				SWIFT_EMIT_LOC_STRINGS = NO;
				SWIFT_VERSION = 5.0;
				TARGETED_DEVICE_FAMILY = "1,2";
				TEST_HOST = "$(BUILT_PRODUCTS_DIR)/OneWayExample.app/OneWayExample";
			};
			name = Debug;
		};
		CCED8504285965C800E24575 /* Release */ = {
			isa = XCBuildConfiguration;
			buildSettings = {
				ALWAYS_EMBED_SWIFT_STANDARD_LIBRARIES = YES;
				BUNDLE_LOADER = "$(TEST_HOST)";
				CODE_SIGN_STYLE = Automatic;
				CURRENT_PROJECT_VERSION = 1;
				GENERATE_INFOPLIST_FILE = YES;
				IPHONEOS_DEPLOYMENT_TARGET = 15.2;
				MARKETING_VERSION = 1.0;
				PRODUCT_BUNDLE_IDENTIFIER = com.DevYeom.OneWayExampleTests;
				PRODUCT_NAME = "$(TARGET_NAME)";
				SWIFT_EMIT_LOC_STRINGS = NO;
				SWIFT_VERSION = 5.0;
				TARGETED_DEVICE_FAMILY = "1,2";
				TEST_HOST = "$(BUILT_PRODUCTS_DIR)/OneWayExample.app/OneWayExample";
			};
			name = Release;
		};
		CCED8506285965C800E24575 /* Debug */ = {
			isa = XCBuildConfiguration;
			buildSettings = {
				ALWAYS_EMBED_SWIFT_STANDARD_LIBRARIES = YES;
				CODE_SIGN_STYLE = Automatic;
				CURRENT_PROJECT_VERSION = 1;
				GENERATE_INFOPLIST_FILE = YES;
				MARKETING_VERSION = 1.0;
				PRODUCT_BUNDLE_IDENTIFIER = com.DevYeom.OneWayExampleUITests;
				PRODUCT_NAME = "$(TARGET_NAME)";
				SWIFT_EMIT_LOC_STRINGS = NO;
				SWIFT_VERSION = 5.0;
				TARGETED_DEVICE_FAMILY = "1,2";
				TEST_TARGET_NAME = OneWayExample;
			};
			name = Debug;
		};
		CCED8507285965C800E24575 /* Release */ = {
			isa = XCBuildConfiguration;
			buildSettings = {
				ALWAYS_EMBED_SWIFT_STANDARD_LIBRARIES = YES;
				CODE_SIGN_STYLE = Automatic;
				CURRENT_PROJECT_VERSION = 1;
				GENERATE_INFOPLIST_FILE = YES;
				MARKETING_VERSION = 1.0;
				PRODUCT_BUNDLE_IDENTIFIER = com.DevYeom.OneWayExampleUITests;
				PRODUCT_NAME = "$(TARGET_NAME)";
				SWIFT_EMIT_LOC_STRINGS = NO;
				SWIFT_VERSION = 5.0;
				TARGETED_DEVICE_FAMILY = "1,2";
				TEST_TARGET_NAME = OneWayExample;
			};
			name = Release;
		};
/* End XCBuildConfiguration section */

/* Begin XCConfigurationList section */
		CCED84D0285965C700E24575 /* Build configuration list for PBXProject "OneWayExample" */ = {
			isa = XCConfigurationList;
			buildConfigurations = (
				CCED84FD285965C800E24575 /* Debug */,
				CCED84FE285965C800E24575 /* Release */,
			);
			defaultConfigurationIsVisible = 0;
			defaultConfigurationName = Release;
		};
		CCED84FF285965C800E24575 /* Build configuration list for PBXNativeTarget "OneWayExample" */ = {
			isa = XCConfigurationList;
			buildConfigurations = (
				CCED8500285965C800E24575 /* Debug */,
				CCED8501285965C800E24575 /* Release */,
			);
			defaultConfigurationIsVisible = 0;
			defaultConfigurationName = Release;
		};
		CCED8502285965C800E24575 /* Build configuration list for PBXNativeTarget "OneWayExampleTests" */ = {
			isa = XCConfigurationList;
			buildConfigurations = (
				CCED8503285965C800E24575 /* Debug */,
				CCED8504285965C800E24575 /* Release */,
			);
			defaultConfigurationIsVisible = 0;
			defaultConfigurationName = Release;
		};
		CCED8505285965C800E24575 /* Build configuration list for PBXNativeTarget "OneWayExampleUITests" */ = {
			isa = XCConfigurationList;
			buildConfigurations = (
				CCED8506285965C800E24575 /* Debug */,
				CCED8507285965C800E24575 /* Release */,
			);
			defaultConfigurationIsVisible = 0;
			defaultConfigurationName = Release;
		};
/* End XCConfigurationList section */

/* Begin XCRemoteSwiftPackageReference section */
		CCED8508285967D000E24575 /* XCRemoteSwiftPackageReference "OneWay" */ = {
			isa = XCRemoteSwiftPackageReference;
			repositoryURL = "https://github.com/DevYeom/OneWay.git";
			requirement = {
				kind = upToNextMajorVersion;
				minimumVersion = 0.4.1;
			};
		};
		CCED850B28596B6300E24575 /* XCRemoteSwiftPackageReference "CombineCocoa" */ = {
			isa = XCRemoteSwiftPackageReference;
			repositoryURL = "https://github.com/CombineCommunity/CombineCocoa.git";
			requirement = {
				kind = upToNextMajorVersion;
				minimumVersion = 0.4.0;
			};
		};
/* End XCRemoteSwiftPackageReference section */

/* Begin XCSwiftPackageProductDependency section */
		CCED8509285967D000E24575 /* OneWay */ = {
			isa = XCSwiftPackageProductDependency;
			package = CCED8508285967D000E24575 /* XCRemoteSwiftPackageReference "OneWay" */;
			productName = OneWay;
		};
		CCED850C28596B6300E24575 /* CombineCocoa */ = {
			isa = XCSwiftPackageProductDependency;
			package = CCED850B28596B6300E24575 /* XCRemoteSwiftPackageReference "CombineCocoa" */;
			productName = CombineCocoa;
		};
/* End XCSwiftPackageProductDependency section */
	};
	rootObject = CCED84CD285965C700E24575 /* Project object */;
}
