{
  "originHash" : "cd91189adaa428a58321aea08edea59ba1c41c80314bc896d3250fc3a297e97d",
  "pins" : [
    {
      "identity" : "oneway",
      "kind" : "remoteSourceControl",
      "location" : "https://github.com/DevYeom/OneWay.git",
      "state" : {
        "revision" : "3cdbc766b808fab915d93a73cb974e97ce247a3f",
        "version" : "2.9.0"
      }
    }
  ],
  "version" : 3
}
