{
  "originHash" : "cd91189adaa428a58321aea08edea59ba1c41c80314bc896d3250fc3a297e97d",
  "pins" : [
    {
      "identity" : "oneway",
      "kind" : "remoteSourceControl",
      "location" : "https://github.com/DevYeom/OneWay.git",
      "state" : {
        "revision" : "5894a6e5c839d67746e4108cecd7e0803314b8a4",
        "version" : "3.0.0"
      }
    }
  ],
  "version" : 3
}
